
Microsoft Visual Studio Solution File, Format Version 12.00
# Visual Studio 2013
VisualStudioVersion = 12.0.21005.1
MinimumVisualStudioVersion = 10.0.40219.1
Project("{FAE04EC0-301F-11D3-BF4B-00C04F79EFBC}") = "CGG", "CGG\CGG.csproj", "{153898DE-1B00-4689-9B92-CFF9464AEA20}"
EndProject
Project("{FAE04EC0-301F-11D3-BF4B-00C04F79EFBC}") = "Task1", "Task1\Task1.csproj", "{E0F71C86-D6D9-4D1E-9D3F-DE0DEFAAB49B}"
EndProject
Project("{FAE04EC0-301F-11D3-BF4B-00C04F79EFBC}") = "Task2", "Task2\Task2.csproj", "{17F304C9-6BEB-40AB-AEF8-57B128F9BC2A}"
EndProject
Project("{FAE04EC0-301F-11D3-BF4B-00C04F79EFBC}") = "Task2Alena", "Task2Alena\Task2Alena.csproj", "{235E71BA-EF86-4F9F-AA7F-608EF8FC4727}"
EndProject
Project("{FAE04EC0-301F-11D3-BF4B-00C04F79EFBC}") = "Task3", "Task3\Task3.csproj", "{F6771858-433C-4E69-9A48-0DE18CBD8899}"
	ProjectSection(ProjectDependencies) = postProject
		{153898DE-1B00-4689-9B92-CFF9464AEA20} = {153898DE-1B00-4689-9B92-CFF9464AEA20}
	EndProjectSection
EndProject
Global
	GlobalSection(SolutionConfigurationPlatforms) = preSolution
		Debug|Any CPU = Debug|Any CPU
		Release|Any CPU = Release|Any CPU
	EndGlobalSection
	GlobalSection(ProjectConfigurationPlatforms) = postSolution
		{153898DE-1B00-4689-9B92-CFF9464AEA20}.Debug|Any CPU.ActiveCfg = Debug|Any CPU
		{153898DE-1B00-4689-9B92-CFF9464AEA20}.Debug|Any CPU.Build.0 = Debug|Any CPU
		{153898DE-1B00-4689-9B92-CFF9464AEA20}.Release|Any CPU.ActiveCfg = Release|Any CPU
		{153898DE-1B00-4689-9B92-CFF9464AEA20}.Release|Any CPU.Build.0 = Release|Any CPU
		{E0F71C86-D6D9-4D1E-9D3F-DE0DEFAAB49B}.Debug|Any CPU.ActiveCfg = Debug|Any CPU
		{E0F71C86-D6D9-4D1E-9D3F-DE0DEFAAB49B}.Debug|Any CPU.Build.0 = Debug|Any CPU
		{E0F71C86-D6D9-4D1E-9D3F-DE0DEFAAB49B}.Release|Any CPU.ActiveCfg = Release|Any CPU
		{E0F71C86-D6D9-4D1E-9D3F-DE0DEFAAB49B}.Release|Any CPU.Build.0 = Release|Any CPU
		{17F304C9-6BEB-40AB-AEF8-57B128F9BC2A}.Debug|Any CPU.ActiveCfg = Debug|Any CPU
		{17F304C9-6BEB-40AB-AEF8-57B128F9BC2A}.Debug|Any CPU.Build.0 = Debug|Any CPU
		{17F304C9-6BEB-40AB-AEF8-57B128F9BC2A}.Release|Any CPU.ActiveCfg = Release|Any CPU
		{17F304C9-6BEB-40AB-AEF8-57B128F9BC2A}.Release|Any CPU.Build.0 = Release|Any CPU
		{235E71BA-EF86-4F9F-AA7F-608EF8FC4727}.Debug|Any CPU.ActiveCfg = Debug|Any CPU
		{235E71BA-EF86-4F9F-AA7F-608EF8FC4727}.Debug|Any CPU.Build.0 = Debug|Any CPU
		{235E71BA-EF86-4F9F-AA7F-608EF8FC4727}.Release|Any CPU.ActiveCfg = Release|Any CPU
		{235E71BA-EF86-4F9F-AA7F-608EF8FC4727}.Release|Any CPU.Build.0 = Release|Any CPU
		{F6771858-433C-4E69-9A48-0DE18CBD8899}.Debug|Any CPU.ActiveCfg = Debug|Any CPU
		{F6771858-433C-4E69-9A48-0DE18CBD8899}.Debug|Any CPU.Build.0 = Debug|Any CPU
		{F6771858-433C-4E69-9A48-0DE18CBD8899}.Release|Any CPU.ActiveCfg = Release|Any CPU
		{F6771858-433C-4E69-9A48-0DE18CBD8899}.Release|Any CPU.Build.0 = Release|Any CPU
	EndGlobalSection
	GlobalSection(SolutionProperties) = preSolution
		HideSolutionNode = FALSE
	EndGlobalSection
EndGlobal
